
Microsoft Visual Studio Solution File, Format Version 12.00
# Visual Studio Version 17
VisualStudioVersion = 17.7.34221.43
MinimumVisualStudioVersion = 10.0.40219.1
Project("{FAE04EC0-301F-11D3-BF4B-00C04F79EFBC}") = "prueba-wtw", "prueba-wtw.csproj", "{DA32BD0E-9982-489C-9F02-43CDDF103B28}"
EndProject
Global
	GlobalSection(SolutionConfigurationPlatforms) = preSolution
		Debug|Any CPU = Debug|Any CPU
		Release|Any CPU = Release|Any CPU
	EndGlobalSection
	GlobalSection(ProjectConfigurationPlatforms) = postSolution
		{DA32BD0E-9982-489C-9F02-43CDDF103B28}.Debug|Any CPU.ActiveCfg = Debug|Any CPU
		{DA32BD0E-9982-489C-9F02-43CDDF103B28}.Debug|Any CPU.Build.0 = Debug|Any CPU
		{DA32BD0E-9982-489C-9F02-43CDDF103B28}.Release|Any CPU.ActiveCfg = Release|Any CPU
		{DA32BD0E-9982-489C-9F02-43CDDF103B28}.Release|Any CPU.Build.0 = Release|Any CPU
	EndGlobalSection
	GlobalSection(SolutionProperties) = preSolution
		HideSolutionNode = FALSE
	EndGlobalSection
	GlobalSection(ExtensibilityGlobals) = postSolution
		SolutionGuid = {C92A4412-674B-4FF6-A3F5-E999F2ADDD23}
	EndGlobalSection
EndGlobal
